PODS:
  - Alamofire (3.5.0)
  - SwiftyDropbox (3.2.0):
    - Alamofire (~> 3.5)

DEPENDENCIES:
  - Alamofire (from `https://github.com/Alamofire/Alamofire.git`)
  - SwiftyDropbox (from `../`)

EXTERNAL SOURCES:
  Alamofire:
    :git: https://github.com/Alamofire/Alamofire.git
  SwiftyDropbox:
    :path: "../"

CHECKOUT OPTIONS:
  Alamofire:
    :commit: bc197a65b6ce560599c8fc0816583ea6207988d3
    :git: https://github.com/Alamofire/Alamofire.git

SPEC CHECKSUMS:
  Alamofire: b70a7352335f8ea5babd0a923eb7e8eacc67b877
  SwiftyDropbox: d2511f798f0cbfb28db89c3a9d7e0f50f4594768

PODFILE CHECKSUM: b659d981730478a1799f21f9ccc547c6a7db1ac7

COCOAPODS: 1.1.0.beta.2
